// !$*UTF8*$!
{
	archiveVersion = 1;
	classes = {
	};
	objectVersion = 46;
	objects = {

/* Begin PBXBuildFile section */
		9835925A176683BF00C22979 /* Foundation.framework in Frameworks */ = {isa = PBXBuildFile; fileRef = 98359259176683BF00C22979 /* Foundation.framework */; };
		9835925D176683BF00C22979 /* main.m in Sources */ = {isa = PBXBuildFile; fileRef = 9835925C176683BF00C22979 /* main.m */; };
		98359261176683BF00C22979 /* Assignment1GoldChallenge.1 in CopyFiles */ = {isa = PBXBuildFile; fileRef = 98359260176683BF00C22979 /* Assignment1GoldChallenge.1 */; };
/* End PBXBuildFile section */

/* Begin PBXCopyFilesBuildPhase section */
		98359254176683BE00C22979 /* CopyFiles */ = {
			isa = PBXCopyFilesBuildPhase;
			buildActionMask = 2147483647;
			dstPath = /usr/share/man/man1/;
			dstSubfolderSpec = 0;
			files = (
				98359261176683BF00C22979 /* Assignment1GoldChallenge.1 in CopyFiles */,
			);
			runOnlyForDeploymentPostprocessing = 1;
		};
/* End PBXCopyFilesBuildPhase section */

/* Begin PBXFileReference section */
		98359256176683BF00C22979 /* Assignment1GoldChallenge */ = {isa = PBXFileReference; explicitFileType = "compiled.mach-o.executable"; includeInIndex = 0; path = Assignment1GoldChallenge; sourceTree = BUILT_PRODUCTS_DIR; };
		98359259176683BF00C22979 /* Foundation.framework */ = {isa = PBXFileReference; lastKnownFileType = wrapper.framework; name = Foundation.framework; path = System/Library/Frameworks/Foundation.framework; sourceTree = SDKROOT; };
		9835925C176683BF00C22979 /* main.m */ = {isa = PBXFileReference; lastKnownFileType = sourcecode.c.objc; path = main.m; sourceTree = "<group>"; };
		9835925F176683BF00C22979 /* Assignment1GoldChallenge-Prefix.pch */ = {isa = PBXFileReference; lastKnownFileType = sourcecode.c.h; path = "Assignment1GoldChallenge-Prefix.pch"; sourceTree = "<group>"; };
		98359260176683BF00C22979 /* Assignment1GoldChallenge.1 */ = {isa = PBXFileReference; lastKnownFileType = text.man; path = Assignment1GoldChallenge.1; sourceTree = "<group>"; };
/* End PBXFileReference section */

/* Begin PBXFrameworksBuildPhase section */
		98359253176683BE00C22979 /* Frameworks */ = {
			isa = PBXFrameworksBuildPhase;
			buildActionMask = 2147483647;
			files = (
				9835925A176683BF00C22979 /* Foundation.framework in Frameworks */,
			);
			runOnlyForDeploymentPostprocessing = 0;
		};
/* End PBXFrameworksBuildPhase section */

/* Begin PBXGroup section */
		9835924D176683BE00C22979 = {
			isa = PBXGroup;
			children = (
				9835925B176683BF00C22979 /* Assignment1GoldChallenge */,
				98359258176683BF00C22979 /* Frameworks */,
				98359257176683BF00C22979 /* Products */,
			);
			sourceTree = "<group>";
		};
		98359257176683BF00C22979 /* Products */ = {
			isa = PBXGroup;
			children = (
				98359256176683BF00C22979 /* Assignment1GoldChallenge */,
			);
			name = Products;
			sourceTree = "<group>";
		};
		98359258176683BF00C22979 /* Frameworks */ = {
			isa = PBXGroup;
			children = (
				98359259176683BF00C22979 /* Foundation.framework */,
			);
			name = Frameworks;
			sourceTree = "<group>";
		};
		9835925B176683BF00C22979 /* Assignment1GoldChallenge */ = {
			isa = PBXGroup;
			children = (
				9835925C176683BF00C22979 /* main.m */,
				98359260176683BF00C22979 /* Assignment1GoldChallenge.1 */,
				9835925E176683BF00C22979 /* Supporting Files */,
			);
			path = Assignment1GoldChallenge;
			sourceTree = "<group>";
		};
		9835925E176683BF00C22979 /* Supporting Files */ = {
			isa = PBXGroup;
			children = (
				9835925F176683BF00C22979 /* Assignment1GoldChallenge-Prefix.pch */,
			);
			name = "Supporting Files";
			sourceTree = "<group>";
		};
/* End PBXGroup section */

/* Begin PBXNativeTarget section */
		98359255176683BE00C22979 /* Assignment1GoldChallenge */ = {
			isa = PBXNativeTarget;
			buildConfigurationList = 98359264176683BF00C22979 /* Build configuration list for PBXNativeTarget "Assignment1GoldChallenge" */;
			buildPhases = (
				98359252176683BE00C22979 /* Sources */,
				98359253176683BE00C22979 /* Frameworks */,
				98359254176683BE00C22979 /* CopyFiles */,
			);
			buildRules = (
			);
			dependencies = (
			);
			name = Assignment1GoldChallenge;
			productName = Assignment1GoldChallenge;
			productReference = 98359256176683BF00C22979 /* Assignment1GoldChallenge */;
			productType = "com.apple.product-type.tool";
		};
/* End PBXNativeTarget section */

/* Begin PBXProject section */
		9835924E176683BE00C22979 /* Project object */ = {
			isa = PBXProject;
			attributes = {
				LastUpgradeCheck = 0460;
				ORGANIZATIONNAME = amir;
			};
			buildConfigurationList = 98359251176683BE00C22979 /* Build configuration list for PBXProject "Assignment1GoldChallenge" */;
			compatibilityVersion = "Xcode 3.2";
			developmentRegion = English;
			hasScannedForEncodings = 0;
			knownRegions = (
				en,
			);
			mainGroup = 9835924D176683BE00C22979;
			productRefGroup = 98359257176683BF00C22979 /* Products */;
			projectDirPath = "";
			projectRoot = "";
			targets = (
				98359255176683BE00C22979 /* Assignment1GoldChallenge */,
			);
		};
/* End PBXProject section */

/* Begin PBXSourcesBuildPhase section */
		98359252176683BE00C22979 /* Sources */ = {
			isa = PBXSourcesBuildPhase;
			buildActionMask = 2147483647;
			files = (
				9835925D176683BF00C22979 /* main.m in Sources */,
			);
			runOnlyForDeploymentPostprocessing = 0;
		};
/* End PBXSourcesBuildPhase section */

/* Begin XCBuildConfiguration section */
		98359262176683BF00C22979 /* Debug */ = {
			isa = XCBuildConfiguration;
			buildSettings = {
				ALWAYS_SEARCH_USER_PATHS = NO;
				ARCHS = "$(ARCHS_STANDARD_64_BIT)";
				CLANG_CXX_LANGUAGE_STANDARD = "gnu++0x";
				CLANG_CXX_LIBRARY = "libc++";
				CLANG_ENABLE_OBJC_ARC = YES;
				CLANG_WARN_CONSTANT_CONVERSION = YES;
				CLANG_WARN_EMPTY_BODY = YES;
				CLANG_WARN_ENUM_CONVERSION = YES;
				CLANG_WARN_INT_CONVERSION = YES;
				CLANG_WARN__DUPLICATE_METHOD_MATCH = YES;
				COPY_PHASE_STRIP = NO;
				GCC_C_LANGUAGE_STANDARD = gnu99;
				GCC_DYNAMIC_NO_PIC = NO;
				GCC_ENABLE_OBJC_EXCEPTIONS = YES;
				GCC_OPTIMIZATION_LEVEL = 0;
				GCC_PREPROCESSOR_DEFINITIONS = (
					"DEBUG=1",
					"$(inherited)",
				);
				GCC_SYMBOLS_PRIVATE_EXTERN = NO;
				GCC_WARN_64_TO_32_BIT_CONVERSION = YES;
				GCC_WARN_ABOUT_RETURN_TYPE = YES;
				GCC_WARN_UNINITIALIZED_AUTOS = YES;
				GCC_WARN_UNUSED_VARIABLE = YES;
				MACOSX_DEPLOYMENT_TARGET = 10.7;
				ONLY_ACTIVE_ARCH = YES;
				SDKROOT = macosx;
			};
			name = Debug;
		};
		98359263176683BF00C22979 /* Release */ = {
			isa = XCBuildConfiguration;
			buildSettings = {
				ALWAYS_SEARCH_USER_PATHS = NO;
				ARCHS = "$(ARCHS_STANDARD_64_BIT)";
				CLANG_CXX_LANGUAGE_STANDARD = "gnu++0x";
				CLANG_CXX_LIBRARY = "libc++";
				CLANG_ENABLE_OBJC_ARC = YES;
				CLANG_WARN_CONSTANT_CONVERSION = YES;
				CLANG_WARN_EMPTY_BODY = YES;
				CLANG_WARN_ENUM_CONVERSION = YES;
				CLANG_WARN_INT_CONVERSION = YES;
				CLANG_WARN__DUPLICATE_METHOD_MATCH = YES;
				COPY_PHASE_STRIP = YES;
				DEBUG_INFORMATION_FORMAT = "dwarf-with-dsym";
				GCC_C_LANGUAGE_STANDARD = gnu99;
				GCC_ENABLE_OBJC_EXCEPTIONS = YES;
				GCC_WARN_64_TO_32_BIT_CONVERSION = YES;
				GCC_WARN_ABOUT_RETURN_TYPE = YES;
				GCC_WARN_UNINITIALIZED_AUTOS = YES;
				GCC_WARN_UNUSED_VARIABLE = YES;
				MACOSX_DEPLOYMENT_TARGET = 10.7;
				SDKROOT = macosx;
			};
			name = Release;
		};
		98359265176683BF00C22979 /* Debug */ = {
			isa = XCBuildConfiguration;
			buildSettings = {
				GCC_PRECOMPILE_PREFIX_HEADER = YES;
				GCC_PREFIX_HEADER = "Assignment1GoldChallenge/Assignment1GoldChallenge-Prefix.pch";
				PRODUCT_NAME = "$(TARGET_NAME)";
			};
			name = Debug;
		};
		98359266176683BF00C22979 /* Release */ = {
			isa = XCBuildConfiguration;
			buildSettings = {
				GCC_PRECOMPILE_PREFIX_HEADER = YES;
				GCC_PREFIX_HEADER = "Assignment1GoldChallenge/Assignment1GoldChallenge-Prefix.pch";
				PRODUCT_NAME = "$(TARGET_NAME)";
			};
			name = Release;
		};
/* End XCBuildConfiguration section */

/* Begin XCConfigurationList section */
		98359251176683BE00C22979 /* Build configuration list for PBXProject "Assignment1GoldChallenge" */ = {
			isa = XCConfigurationList;
			buildConfigurations = (
				98359262176683BF00C22979 /* Debug */,
				98359263176683BF00C22979 /* Release */,
			);
			defaultConfigurationIsVisible = 0;
			defaultConfigurationName = Release;
		};
		98359264176683BF00C22979 /* Build configuration list for PBXNativeTarget "Assignment1GoldChallenge" */ = {
			isa = XCConfigurationList;
			buildConfigurations = (
				98359265176683BF00C22979 /* Debug */,
				98359266176683BF00C22979 /* Release */,
			);
			defaultConfigurationIsVisible = 0;
		};
/* End XCConfigurationList section */
	};
	rootObject = 9835924E176683BE00C22979 /* Project object */;
}
