// !$*UTF8*$!
{
	archiveVersion = 1;
	classes = {
	};
	objectVersion = 46;
	objects = {

/* Begin PBXBuildFile section */
		293CB743176E2DD7002BD6D3 /* UIKit.framework in Frameworks */ = {isa = PBXBuildFile; fileRef = 293CB742176E2DD7002BD6D3 /* UIKit.framework */; };
		293CB745176E2DD7002BD6D3 /* Foundation.framework in Frameworks */ = {isa = PBXBuildFile; fileRef = 293CB744176E2DD7002BD6D3 /* Foundation.framework */; };
		293CB747176E2DD7002BD6D3 /* CoreGraphics.framework in Frameworks */ = {isa = PBXBuildFile; fileRef = 293CB746176E2DD7002BD6D3 /* CoreGraphics.framework */; };
		293CB74D176E2DD7002BD6D3 /* InfoPlist.strings in Resources */ = {isa = PBXBuildFile; fileRef = 293CB74B176E2DD7002BD6D3 /* InfoPlist.strings */; };
		293CB74F176E2DD7002BD6D3 /* main.m in Sources */ = {isa = PBXBuildFile; fileRef = 293CB74E176E2DD7002BD6D3 /* main.m */; };
		293CB753176E2DD7002BD6D3 /* AppDelegate.m in Sources */ = {isa = PBXBuildFile; fileRef = 293CB752176E2DD7002BD6D3 /* AppDelegate.m */; };
		293CB755176E2DD7002BD6D3 /* Default.png in Resources */ = {isa = PBXBuildFile; fileRef = 293CB754176E2DD7002BD6D3 /* Default.png */; };
		293CB757176E2DD7002BD6D3 /* Default@2x.png in Resources */ = {isa = PBXBuildFile; fileRef = 293CB756176E2DD7002BD6D3 /* Default@2x.png */; };
		293CB759176E2DD7002BD6D3 /* Default-568h@2x.png in Resources */ = {isa = PBXBuildFile; fileRef = 293CB758176E2DD7002BD6D3 /* Default-568h@2x.png */; };
		293CB75C176E2DD7002BD6D3 /* A1BronzeViewController.m in Sources */ = {isa = PBXBuildFile; fileRef = 293CB75B176E2DD7002BD6D3 /* A1BronzeViewController.m */; };
		293CB75F176E2DD7002BD6D3 /* A1BronzeViewController.xib in Resources */ = {isa = PBXBuildFile; fileRef = 293CB75D176E2DD7002BD6D3 /* A1BronzeViewController.xib */; };
		293CB766176E2E23002BD6D3 /* CoreLocation.framework in Frameworks */ = {isa = PBXBuildFile; fileRef = 293CB765176E2E23002BD6D3 /* CoreLocation.framework */; };
		29F4A6FA1773E4E9005AC133 /* MapKit.framework in Frameworks */ = {isa = PBXBuildFile; fileRef = 29F4A6F91773E4E9005AC133 /* MapKit.framework */; };
/* End PBXBuildFile section */

/* Begin PBXFileReference section */
		293CB73F176E2DD7002BD6D3 /* A1BronzeChallenge.app */ = {isa = PBXFileReference; explicitFileType = wrapper.application; includeInIndex = 0; path = A1BronzeChallenge.app; sourceTree = BUILT_PRODUCTS_DIR; };
		293CB742176E2DD7002BD6D3 /* UIKit.framework */ = {isa = PBXFileReference; lastKnownFileType = wrapper.framework; name = UIKit.framework; path = System/Library/Frameworks/UIKit.framework; sourceTree = SDKROOT; };
		293CB744176E2DD7002BD6D3 /* Foundation.framework */ = {isa = PBXFileReference; lastKnownFileType = wrapper.framework; name = Foundation.framework; path = System/Library/Frameworks/Foundation.framework; sourceTree = SDKROOT; };
		293CB746176E2DD7002BD6D3 /* CoreGraphics.framework */ = {isa = PBXFileReference; lastKnownFileType = wrapper.framework; name = CoreGraphics.framework; path = System/Library/Frameworks/CoreGraphics.framework; sourceTree = SDKROOT; };
		293CB74A176E2DD7002BD6D3 /* A1BronzeChallenge-Info.plist */ = {isa = PBXFileReference; lastKnownFileType = text.plist.xml; path = "A1BronzeChallenge-Info.plist"; sourceTree = "<group>"; };
		293CB74C176E2DD7002BD6D3 /* en */ = {isa = PBXFileReference; lastKnownFileType = text.plist.strings; name = en; path = en.lproj/InfoPlist.strings; sourceTree = "<group>"; };
		293CB74E176E2DD7002BD6D3 /* main.m */ = {isa = PBXFileReference; lastKnownFileType = sourcecode.c.objc; path = main.m; sourceTree = "<group>"; };
		293CB750176E2DD7002BD6D3 /* A1BronzeChallenge-Prefix.pch */ = {isa = PBXFileReference; lastKnownFileType = sourcecode.c.h; path = "A1BronzeChallenge-Prefix.pch"; sourceTree = "<group>"; };
		293CB751176E2DD7002BD6D3 /* AppDelegate.h */ = {isa = PBXFileReference; lastKnownFileType = sourcecode.c.h; path = AppDelegate.h; sourceTree = "<group>"; };
		293CB752176E2DD7002BD6D3 /* AppDelegate.m */ = {isa = PBXFileReference; lastKnownFileType = sourcecode.c.objc; path = AppDelegate.m; sourceTree = "<group>"; };
		293CB754176E2DD7002BD6D3 /* Default.png */ = {isa = PBXFileReference; lastKnownFileType = image.png; path = Default.png; sourceTree = "<group>"; };
		293CB756176E2DD7002BD6D3 /* Default@2x.png */ = {isa = PBXFileReference; lastKnownFileType = image.png; path = "Default@2x.png"; sourceTree = "<group>"; };
		293CB758176E2DD7002BD6D3 /* Default-568h@2x.png */ = {isa = PBXFileReference; lastKnownFileType = image.png; path = "Default-568h@2x.png"; sourceTree = "<group>"; };
		293CB75A176E2DD7002BD6D3 /* A1BronzeViewController.h */ = {isa = PBXFileReference; lastKnownFileType = sourcecode.c.h; path = A1BronzeViewController.h; sourceTree = "<group>"; };
		293CB75B176E2DD7002BD6D3 /* A1BronzeViewController.m */ = {isa = PBXFileReference; lastKnownFileType = sourcecode.c.objc; path = A1BronzeViewController.m; sourceTree = "<group>"; };
		293CB75E176E2DD7002BD6D3 /* en */ = {isa = PBXFileReference; lastKnownFileType = file.xib; name = en; path = en.lproj/A1BronzeViewController.xib; sourceTree = "<group>"; };
		293CB765176E2E23002BD6D3 /* CoreLocation.framework */ = {isa = PBXFileReference; lastKnownFileType = wrapper.framework; name = CoreLocation.framework; path = System/Library/Frameworks/CoreLocation.framework; sourceTree = SDKROOT; };
		29F4A6F91773E4E9005AC133 /* MapKit.framework */ = {isa = PBXFileReference; lastKnownFileType = wrapper.framework; name = MapKit.framework; path = System/Library/Frameworks/MapKit.framework; sourceTree = SDKROOT; };
		29F4A6FB1773E640005AC133 /* BNRMapPoint.h */ = {isa = PBXFileReference; lastKnownFileType = sourcecode.c.h; name = BNRMapPoint.h; path = "../../../../../Downloads/iOS Programming 3e Solutions/05. Whereami/Whereami/Whereami/BNRMapPoint.h"; sourceTree = "<group>"; };
		29F4A6FC1773E641005AC133 /* BNRMapPoint.m */ = {isa = PBXFileReference; lastKnownFileType = sourcecode.c.objc; name = BNRMapPoint.m; path = "../../../../../Downloads/iOS Programming 3e Solutions/05. Whereami/Whereami/Whereami/BNRMapPoint.m"; sourceTree = "<group>"; };
/* End PBXFileReference section */

/* Begin PBXFrameworksBuildPhase section */
		293CB73C176E2DD7002BD6D3 /* Frameworks */ = {
			isa = PBXFrameworksBuildPhase;
			buildActionMask = 2147483647;
			files = (
				29F4A6FA1773E4E9005AC133 /* MapKit.framework in Frameworks */,
				293CB766176E2E23002BD6D3 /* CoreLocation.framework in Frameworks */,
				293CB743176E2DD7002BD6D3 /* UIKit.framework in Frameworks */,
				293CB745176E2DD7002BD6D3 /* Foundation.framework in Frameworks */,
				293CB747176E2DD7002BD6D3 /* CoreGraphics.framework in Frameworks */,
			);
			runOnlyForDeploymentPostprocessing = 0;
		};
/* End PBXFrameworksBuildPhase section */

/* Begin PBXGroup section */
		293CB736176E2DD7002BD6D3 = {
			isa = PBXGroup;
			children = (
				293CB748176E2DD7002BD6D3 /* A1BronzeChallenge */,
				293CB741176E2DD7002BD6D3 /* Frameworks */,
				293CB740176E2DD7002BD6D3 /* Products */,
			);
			sourceTree = "<group>";
		};
		293CB740176E2DD7002BD6D3 /* Products */ = {
			isa = PBXGroup;
			children = (
				293CB73F176E2DD7002BD6D3 /* A1BronzeChallenge.app */,
			);
			name = Products;
			sourceTree = "<group>";
		};
		293CB741176E2DD7002BD6D3 /* Frameworks */ = {
			isa = PBXGroup;
			children = (
				29F4A6F91773E4E9005AC133 /* MapKit.framework */,
				293CB765176E2E23002BD6D3 /* CoreLocation.framework */,
				293CB742176E2DD7002BD6D3 /* UIKit.framework */,
				293CB744176E2DD7002BD6D3 /* Foundation.framework */,
				293CB746176E2DD7002BD6D3 /* CoreGraphics.framework */,
			);
			name = Frameworks;
			sourceTree = "<group>";
		};
		293CB748176E2DD7002BD6D3 /* A1BronzeChallenge */ = {
			isa = PBXGroup;
			children = (
				29F4A6FB1773E640005AC133 /* BNRMapPoint.h */,
				29F4A6FC1773E641005AC133 /* BNRMapPoint.m */,
				293CB751176E2DD7002BD6D3 /* AppDelegate.h */,
				293CB752176E2DD7002BD6D3 /* AppDelegate.m */,
				293CB75A176E2DD7002BD6D3 /* A1BronzeViewController.h */,
				293CB75B176E2DD7002BD6D3 /* A1BronzeViewController.m */,
				293CB75D176E2DD7002BD6D3 /* A1BronzeViewController.xib */,
				293CB749176E2DD7002BD6D3 /* Supporting Files */,
			);
			path = A1BronzeChallenge;
			sourceTree = "<group>";
		};
		293CB749176E2DD7002BD6D3 /* Supporting Files */ = {
			isa = PBXGroup;
			children = (
				293CB74A176E2DD7002BD6D3 /* A1BronzeChallenge-Info.plist */,
				293CB74B176E2DD7002BD6D3 /* InfoPlist.strings */,
				293CB74E176E2DD7002BD6D3 /* main.m */,
				293CB750176E2DD7002BD6D3 /* A1BronzeChallenge-Prefix.pch */,
				293CB754176E2DD7002BD6D3 /* Default.png */,
				293CB756176E2DD7002BD6D3 /* Default@2x.png */,
				293CB758176E2DD7002BD6D3 /* Default-568h@2x.png */,
			);
			name = "Supporting Files";
			sourceTree = "<group>";
		};
/* End PBXGroup section */

/* Begin PBXNativeTarget section */
		293CB73E176E2DD7002BD6D3 /* A1BronzeChallenge */ = {
			isa = PBXNativeTarget;
			buildConfigurationList = 293CB762176E2DD7002BD6D3 /* Build configuration list for PBXNativeTarget "A1BronzeChallenge" */;
			buildPhases = (
				293CB73B176E2DD7002BD6D3 /* Sources */,
				293CB73C176E2DD7002BD6D3 /* Frameworks */,
				293CB73D176E2DD7002BD6D3 /* Resources */,
			);
			buildRules = (
			);
			dependencies = (
			);
			name = A1BronzeChallenge;
			productName = A1BronzeChallenge;
			productReference = 293CB73F176E2DD7002BD6D3 /* A1BronzeChallenge.app */;
			productType = "com.apple.product-type.application";
		};
/* End PBXNativeTarget section */

/* Begin PBXProject section */
		293CB737176E2DD7002BD6D3 /* Project object */ = {
			isa = PBXProject;
			attributes = {
				LastUpgradeCheck = 0460;
				ORGANIZATIONNAME = amir;
			};
			buildConfigurationList = 293CB73A176E2DD7002BD6D3 /* Build configuration list for PBXProject "A1BronzeChallenge" */;
			compatibilityVersion = "Xcode 3.2";
			developmentRegion = English;
			hasScannedForEncodings = 0;
			knownRegions = (
				en,
			);
			mainGroup = 293CB736176E2DD7002BD6D3;
			productRefGroup = 293CB740176E2DD7002BD6D3 /* Products */;
			projectDirPath = "";
			projectRoot = "";
			targets = (
				293CB73E176E2DD7002BD6D3 /* A1BronzeChallenge */,
			);
		};
/* End PBXProject section */

/* Begin PBXResourcesBuildPhase section */
		293CB73D176E2DD7002BD6D3 /* Resources */ = {
			isa = PBXResourcesBuildPhase;
			buildActionMask = 2147483647;
			files = (
				293CB74D176E2DD7002BD6D3 /* InfoPlist.strings in Resources */,
				293CB755176E2DD7002BD6D3 /* Default.png in Resources */,
				293CB757176E2DD7002BD6D3 /* Default@2x.png in Resources */,
				293CB759176E2DD7002BD6D3 /* Default-568h@2x.png in Resources */,
				293CB75F176E2DD7002BD6D3 /* A1BronzeViewController.xib in Resources */,
			);
			runOnlyForDeploymentPostprocessing = 0;
		};
/* End PBXResourcesBuildPhase section */

/* Begin PBXSourcesBuildPhase section */
		293CB73B176E2DD7002BD6D3 /* Sources */ = {
			isa = PBXSourcesBuildPhase;
			buildActionMask = 2147483647;
			files = (
				293CB74F176E2DD7002BD6D3 /* main.m in Sources */,
				293CB753176E2DD7002BD6D3 /* AppDelegate.m in Sources */,
				293CB75C176E2DD7002BD6D3 /* A1BronzeViewController.m in Sources */,
			);
			runOnlyForDeploymentPostprocessing = 0;
		};
/* End PBXSourcesBuildPhase section */

/* Begin PBXVariantGroup section */
		293CB74B176E2DD7002BD6D3 /* InfoPlist.strings */ = {
			isa = PBXVariantGroup;
			children = (
				293CB74C176E2DD7002BD6D3 /* en */,
			);
			name = InfoPlist.strings;
			sourceTree = "<group>";
		};
		293CB75D176E2DD7002BD6D3 /* A1BronzeViewController.xib */ = {
			isa = PBXVariantGroup;
			children = (
				293CB75E176E2DD7002BD6D3 /* en */,
			);
			name = A1BronzeViewController.xib;
			sourceTree = "<group>";
		};
/* End PBXVariantGroup section */

/* Begin XCBuildConfiguration section */
		293CB760176E2DD7002BD6D3 /* Debug */ = {
			isa = XCBuildConfiguration;
			buildSettings = {
				ALWAYS_SEARCH_USER_PATHS = NO;
				CLANG_CXX_LANGUAGE_STANDARD = "gnu++0x";
				CLANG_CXX_LIBRARY = "libc++";
				CLANG_ENABLE_OBJC_ARC = YES;
				CLANG_WARN_CONSTANT_CONVERSION = YES;
				CLANG_WARN_EMPTY_BODY = YES;
				CLANG_WARN_ENUM_CONVERSION = YES;
				CLANG_WARN_INT_CONVERSION = YES;
				CLANG_WARN__DUPLICATE_METHOD_MATCH = YES;
				"CODE_SIGN_IDENTITY[sdk=iphoneos*]" = "iPhone Developer";
				COPY_PHASE_STRIP = NO;
				GCC_C_LANGUAGE_STANDARD = gnu99;
				GCC_DYNAMIC_NO_PIC = NO;
				GCC_OPTIMIZATION_LEVEL = 0;
				GCC_PREPROCESSOR_DEFINITIONS = (
					"DEBUG=1",
					"$(inherited)",
				);
				GCC_SYMBOLS_PRIVATE_EXTERN = NO;
				GCC_WARN_ABOUT_RETURN_TYPE = YES;
				GCC_WARN_UNINITIALIZED_AUTOS = YES;
				GCC_WARN_UNUSED_VARIABLE = YES;
				IPHONEOS_DEPLOYMENT_TARGET = 6.1;
				ONLY_ACTIVE_ARCH = YES;
				SDKROOT = iphoneos;
			};
			name = Debug;
		};
		293CB761176E2DD7002BD6D3 /* Release */ = {
			isa = XCBuildConfiguration;
			buildSettings = {
				ALWAYS_SEARCH_USER_PATHS = NO;
				CLANG_CXX_LANGUAGE_STANDARD = "gnu++0x";
				CLANG_CXX_LIBRARY = "libc++";
				CLANG_ENABLE_OBJC_ARC = YES;
				CLANG_WARN_CONSTANT_CONVERSION = YES;
				CLANG_WARN_EMPTY_BODY = YES;
				CLANG_WARN_ENUM_CONVERSION = YES;
				CLANG_WARN_INT_CONVERSION = YES;
				CLANG_WARN__DUPLICATE_METHOD_MATCH = YES;
				"CODE_SIGN_IDENTITY[sdk=iphoneos*]" = "iPhone Developer";
				COPY_PHASE_STRIP = YES;
				GCC_C_LANGUAGE_STANDARD = gnu99;
				GCC_WARN_ABOUT_RETURN_TYPE = YES;
				GCC_WARN_UNINITIALIZED_AUTOS = YES;
				GCC_WARN_UNUSED_VARIABLE = YES;
				IPHONEOS_DEPLOYMENT_TARGET = 6.1;
				OTHER_CFLAGS = "-DNS_BLOCK_ASSERTIONS=1";
				SDKROOT = iphoneos;
				VALIDATE_PRODUCT = YES;
			};
			name = Release;
		};
		293CB763176E2DD7002BD6D3 /* Debug */ = {
			isa = XCBuildConfiguration;
			buildSettings = {
				GCC_PRECOMPILE_PREFIX_HEADER = YES;
				GCC_PREFIX_HEADER = "A1BronzeChallenge/A1BronzeChallenge-Prefix.pch";
				INFOPLIST_FILE = "A1BronzeChallenge/A1BronzeChallenge-Info.plist";
				PRODUCT_NAME = "$(TARGET_NAME)";
				VALID_ARCHS = "";
				WRAPPER_EXTENSION = app;
			};
			name = Debug;
		};
		293CB764176E2DD7002BD6D3 /* Release */ = {
			isa = XCBuildConfiguration;
			buildSettings = {
				GCC_PRECOMPILE_PREFIX_HEADER = YES;
				GCC_PREFIX_HEADER = "A1BronzeChallenge/A1BronzeChallenge-Prefix.pch";
				INFOPLIST_FILE = "A1BronzeChallenge/A1BronzeChallenge-Info.plist";
				PRODUCT_NAME = "$(TARGET_NAME)";
				VALID_ARCHS = "armv7 armv7s";
				WRAPPER_EXTENSION = app;
			};
			name = Release;
		};
/* End XCBuildConfiguration section */

/* Begin XCConfigurationList section */
		293CB73A176E2DD7002BD6D3 /* Build configuration list for PBXProject "A1BronzeChallenge" */ = {
			isa = XCConfigurationList;
			buildConfigurations = (
				293CB760176E2DD7002BD6D3 /* Debug */,
				293CB761176E2DD7002BD6D3 /* Release */,
			);
			defaultConfigurationIsVisible = 0;
			defaultConfigurationName = Release;
		};
		293CB762176E2DD7002BD6D3 /* Build configuration list for PBXNativeTarget "A1BronzeChallenge" */ = {
			isa = XCConfigurationList;
			buildConfigurations = (
				293CB763176E2DD7002BD6D3 /* Debug */,
				293CB764176E2DD7002BD6D3 /* Release */,
			);
			defaultConfigurationIsVisible = 0;
			defaultConfigurationName = Release;
		};
/* End XCConfigurationList section */
	};
	rootObject = 293CB737176E2DD7002BD6D3 /* Project object */;
}
